
Microsoft Visual Studio Solution File, Format Version 12.00
# Visual Studio Version 16
VisualStudioVersion = 16.0.32106.194
MinimumVisualStudioVersion = 10.0.40219.1
Project("{FAE04EC0-301F-11D3-BF4B-00C04F79EFBC}") = "PostsWebApplication", "PostsWebApplication\PostsWebApplication.csproj", "{04221ADF-077D-4EDE-9AE2-B123C7CA4A9B}"
EndProject
Global
	GlobalSection(SolutionConfigurationPlatforms) = preSolution
		Debug|Any CPU = Debug|Any CPU
		Release|Any CPU = Release|Any CPU
	EndGlobalSection
	GlobalSection(ProjectConfigurationPlatforms) = postSolution
		{04221ADF-077D-4EDE-9AE2-B123C7CA4A9B}.Debug|Any CPU.ActiveCfg = Debug|Any CPU
		{04221ADF-077D-4EDE-9AE2-B123C7CA4A9B}.Debug|Any CPU.Build.0 = Debug|Any CPU
		{04221ADF-077D-4EDE-9AE2-B123C7CA4A9B}.Release|Any CPU.ActiveCfg = Release|Any CPU
		{04221ADF-077D-4EDE-9AE2-B123C7CA4A9B}.Release|Any CPU.Build.0 = Release|Any CPU
	EndGlobalSection
	GlobalSection(SolutionProperties) = preSolution
		HideSolutionNode = FALSE
	EndGlobalSection
	GlobalSection(ExtensibilityGlobals) = postSolution
		SolutionGuid = {B1BFCC43-CF28-4A46-98D2-DB458CEC3E8E}
	EndGlobalSection
EndGlobal
